
Microsoft Visual Studio Solution File, Format Version 12.00
# Visual Studio Version 17
VisualStudioVersion = 17.0.31903.59
MinimumVisualStudioVersion = 10.0.40219.1
Project("{2150E333-8FDC-42A3-9474-1A3956D46DE8}") = "01 Core", "01 Core", "{B586BD14-8161-64EF-66F4-277DE2992EF5}"
EndProject
Project("{FAE04EC0-301F-11D3-BF4B-00C04F79EFBC}") = "SpareParts.Domain", "..\src\SpareParts.Domain\SpareParts.Domain.csproj", "{9C357CE7-0EE4-4C05-A9FB-B5E91042065B}"
EndProject
Project("{FAE04EC0-301F-11D3-BF4B-00C04F79EFBC}") = "SpareParts.Infrastructure.Interfaces", "..\src\SpareParts.Infrastructure.Interfaces\SpareParts.Infrastructure.Interfaces.csproj", "{32E02259-DB1E-4F9A-A803-D5403B345431}"
EndProject
Project("{FAE04EC0-301F-11D3-BF4B-00C04F79EFBC}") = "SpareParts.Infrastructure", "..\src\SpareParts.Infrastructure\SpareParts.Infrastructure.csproj", "{15A15E92-9A59-454A-8272-706A2B711AD7}"
EndProject
Project("{2150E333-8FDC-42A3-9474-1A3956D46DE8}") = "02 Services", "02 Services", "{179A6561-B4D9-5926-8EFF-15C6BDB9798B}"
EndProject
Project("{FAE04EC0-301F-11D3-BF4B-00C04F79EFBC}") = "SpareParts.Api", "..\src\SpareParts.Api\SpareParts.Api.csproj", "{4E7B1AD0-558E-47D3-BD2D-0990C49E6F43}"
EndProject
Project("{FAE04EC0-301F-11D3-BF4B-00C04F79EFBC}") = "SpareParts.Sales.Api", "..\src\SpareParts.Sales.Api\SpareParts.Sales.Api.csproj", "{E5EC75D3-520D-4493-A441-8AD904E0E37A}"
EndProject
Project("{FAE04EC0-301F-11D3-BF4B-00C04F79EFBC}") = "SpareParts.Purchases.Api", "..\src\SpareParts.Purchases.Api\SpareParts.Purchases.Api.csproj", "{1A21F514-4B6D-443B-BBA7-98B47C4A1BE8}"
EndProject
Project("{FAE04EC0-301F-11D3-BF4B-00C04F79EFBC}") = "SpareParts.Inventory.Api", "..\src\SpareParts.Inventory.Api\SpareParts.Inventory.Api.csproj", "{62EE8488-B5AD-4B0F-BA10-5F4CDC4D8E45}"
EndProject
Project("{FAE04EC0-301F-11D3-BF4B-00C04F79EFBC}") = "SpareParts.Identity.Api", "..\src\SpareParts.Identity.Api\SpareParts.Identity.Api.csproj", "{C82327B4-7900-4D84-A069-208E175974FB}"
EndProject
Project("{FAE04EC0-301F-11D3-BF4B-00C04F79EFBC}") = "SpareParts.Catalog.Api", "..\src\SpareParts.Catalog.Api\SpareParts.Catalog.Api.csproj", "{EDDC7EFD-501E-436F-90F0-1E607D7B6108}"
EndProject
Project("{FAE04EC0-301F-11D3-BF4B-00C04F79EFBC}") = "SpareParts.Application", "..\src\SpareParts.Application\SpareParts.Application.csproj", "{BD0900C5-CE1E-471C-B545-18429384B414}"
EndProject
Global
	GlobalSection(SolutionConfigurationPlatforms) = preSolution
		Debug|Any CPU = Debug|Any CPU
		Debug|x64 = Debug|x64
		Debug|x86 = Debug|x86
		Release|Any CPU = Release|Any CPU
		Release|x64 = Release|x64
		Release|x86 = Release|x86
	EndGlobalSection
	GlobalSection(ProjectConfigurationPlatforms) = postSolution
		{9C357CE7-0EE4-4C05-A9FB-B5E91042065B}.Debug|Any CPU.ActiveCfg = Debug|Any CPU
		{9C357CE7-0EE4-4C05-A9FB-B5E91042065B}.Debug|Any CPU.Build.0 = Debug|Any CPU
		{9C357CE7-0EE4-4C05-A9FB-B5E91042065B}.Debug|x64.ActiveCfg = Debug|Any CPU
		{9C357CE7-0EE4-4C05-A9FB-B5E91042065B}.Debug|x64.Build.0 = Debug|Any CPU
		{9C357CE7-0EE4-4C05-A9FB-B5E91042065B}.Debug|x86.ActiveCfg = Debug|Any CPU
		{9C357CE7-0EE4-4C05-A9FB-B5E91042065B}.Debug|x86.Build.0 = Debug|Any CPU
		{9C357CE7-0EE4-4C05-A9FB-B5E91042065B}.Release|Any CPU.ActiveCfg = Release|Any CPU
		{9C357CE7-0EE4-4C05-A9FB-B5E91042065B}.Release|Any CPU.Build.0 = Release|Any CPU
		{9C357CE7-0EE4-4C05-A9FB-B5E91042065B}.Release|x64.ActiveCfg = Release|Any CPU
		{9C357CE7-0EE4-4C05-A9FB-B5E91042065B}.Release|x64.Build.0 = Release|Any CPU
		{9C357CE7-0EE4-4C05-A9FB-B5E91042065B}.Release|x86.ActiveCfg = Release|Any CPU
		{9C357CE7-0EE4-4C05-A9FB-B5E91042065B}.Release|x86.Build.0 = Release|Any CPU
		{32E02259-DB1E-4F9A-A803-D5403B345431}.Debug|Any CPU.ActiveCfg = Debug|Any CPU
		{32E02259-DB1E-4F9A-A803-D5403B345431}.Debug|Any CPU.Build.0 = Debug|Any CPU
		{32E02259-DB1E-4F9A-A803-D5403B345431}.Debug|x64.ActiveCfg = Debug|Any CPU
		{32E02259-DB1E-4F9A-A803-D5403B345431}.Debug|x64.Build.0 = Debug|Any CPU
		{32E02259-DB1E-4F9A-A803-D5403B345431}.Debug|x86.ActiveCfg = Debug|Any CPU
		{32E02259-DB1E-4F9A-A803-D5403B345431}.Debug|x86.Build.0 = Debug|Any CPU
		{32E02259-DB1E-4F9A-A803-D5403B345431}.Release|Any CPU.ActiveCfg = Release|Any CPU
		{32E02259-DB1E-4F9A-A803-D5403B345431}.Release|Any CPU.Build.0 = Release|Any CPU
		{32E02259-DB1E-4F9A-A803-D5403B345431}.Release|x64.ActiveCfg = Release|Any CPU
		{32E02259-DB1E-4F9A-A803-D5403B345431}.Release|x64.Build.0 = Release|Any CPU
		{32E02259-DB1E-4F9A-A803-D5403B345431}.Release|x86.ActiveCfg = Release|Any CPU
		{32E02259-DB1E-4F9A-A803-D5403B345431}.Release|x86.Build.0 = Release|Any CPU
		{15A15E92-9A59-454A-8272-706A2B711AD7}.Debug|Any CPU.ActiveCfg = Debug|Any CPU
		{15A15E92-9A59-454A-8272-706A2B711AD7}.Debug|Any CPU.Build.0 = Debug|Any CPU
		{15A15E92-9A59-454A-8272-706A2B711AD7}.Debug|x64.ActiveCfg = Debug|Any CPU
		{15A15E92-9A59-454A-8272-706A2B711AD7}.Debug|x64.Build.0 = Debug|Any CPU
		{15A15E92-9A59-454A-8272-706A2B711AD7}.Debug|x86.ActiveCfg = Debug|Any CPU
		{15A15E92-9A59-454A-8272-706A2B711AD7}.Debug|x86.Build.0 = Debug|Any CPU
		{15A15E92-9A59-454A-8272-706A2B711AD7}.Release|Any CPU.ActiveCfg = Release|Any CPU
		{15A15E92-9A59-454A-8272-706A2B711AD7}.Release|Any CPU.Build.0 = Release|Any CPU
		{15A15E92-9A59-454A-8272-706A2B711AD7}.Release|x64.ActiveCfg = Release|Any CPU
		{15A15E92-9A59-454A-8272-706A2B711AD7}.Release|x64.Build.0 = Release|Any CPU
		{15A15E92-9A59-454A-8272-706A2B711AD7}.Release|x86.ActiveCfg = Release|Any CPU
		{15A15E92-9A59-454A-8272-706A2B711AD7}.Release|x86.Build.0 = Release|Any CPU
		{4E7B1AD0-558E-47D3-BD2D-0990C49E6F43}.Debug|Any CPU.ActiveCfg = Debug|Any CPU
		{4E7B1AD0-558E-47D3-BD2D-0990C49E6F43}.Debug|Any CPU.Build.0 = Debug|Any CPU
		{4E7B1AD0-558E-47D3-BD2D-0990C49E6F43}.Debug|x64.ActiveCfg = Debug|Any CPU
		{4E7B1AD0-558E-47D3-BD2D-0990C49E6F43}.Debug|x64.Build.0 = Debug|Any CPU
		{4E7B1AD0-558E-47D3-BD2D-0990C49E6F43}.Debug|x86.ActiveCfg = Debug|Any CPU
		{4E7B1AD0-558E-47D3-BD2D-0990C49E6F43}.Debug|x86.Build.0 = Debug|Any CPU
		{4E7B1AD0-558E-47D3-BD2D-0990C49E6F43}.Release|Any CPU.ActiveCfg = Release|Any CPU
		{4E7B1AD0-558E-47D3-BD2D-0990C49E6F43}.Release|Any CPU.Build.0 = Release|Any CPU
		{4E7B1AD0-558E-47D3-BD2D-0990C49E6F43}.Release|x64.ActiveCfg = Release|Any CPU
		{4E7B1AD0-558E-47D3-BD2D-0990C49E6F43}.Release|x64.Build.0 = Release|Any CPU
		{4E7B1AD0-558E-47D3-BD2D-0990C49E6F43}.Release|x86.ActiveCfg = Release|Any CPU
		{4E7B1AD0-558E-47D3-BD2D-0990C49E6F43}.Release|x86.Build.0 = Release|Any CPU
		{E5EC75D3-520D-4493-A441-8AD904E0E37A}.Debug|Any CPU.ActiveCfg = Debug|Any CPU
		{E5EC75D3-520D-4493-A441-8AD904E0E37A}.Debug|Any CPU.Build.0 = Debug|Any CPU
		{E5EC75D3-520D-4493-A441-8AD904E0E37A}.Debug|x64.ActiveCfg = Debug|Any CPU
		{E5EC75D3-520D-4493-A441-8AD904E0E37A}.Debug|x64.Build.0 = Debug|Any CPU
		{E5EC75D3-520D-4493-A441-8AD904E0E37A}.Debug|x86.ActiveCfg = Debug|Any CPU
		{E5EC75D3-520D-4493-A441-8AD904E0E37A}.Debug|x86.Build.0 = Debug|Any CPU
		{E5EC75D3-520D-4493-A441-8AD904E0E37A}.Release|Any CPU.ActiveCfg = Release|Any CPU
		{E5EC75D3-520D-4493-A441-8AD904E0E37A}.Release|Any CPU.Build.0 = Release|Any CPU
		{E5EC75D3-520D-4493-A441-8AD904E0E37A}.Release|x64.ActiveCfg = Release|Any CPU
		{E5EC75D3-520D-4493-A441-8AD904E0E37A}.Release|x64.Build.0 = Release|Any CPU
		{E5EC75D3-520D-4493-A441-8AD904E0E37A}.Release|x86.ActiveCfg = Release|Any CPU
		{E5EC75D3-520D-4493-A441-8AD904E0E37A}.Release|x86.Build.0 = Release|Any CPU
		{1A21F514-4B6D-443B-BBA7-98B47C4A1BE8}.Debug|Any CPU.ActiveCfg = Debug|Any CPU
		{1A21F514-4B6D-443B-BBA7-98B47C4A1BE8}.Debug|Any CPU.Build.0 = Debug|Any CPU
		{1A21F514-4B6D-443B-BBA7-98B47C4A1BE8}.Debug|x64.ActiveCfg = Debug|Any CPU
		{1A21F514-4B6D-443B-BBA7-98B47C4A1BE8}.Debug|x64.Build.0 = Debug|Any CPU
		{1A21F514-4B6D-443B-BBA7-98B47C4A1BE8}.Debug|x86.ActiveCfg = Debug|Any CPU
		{1A21F514-4B6D-443B-BBA7-98B47C4A1BE8}.Debug|x86.Build.0 = Debug|Any CPU
		{1A21F514-4B6D-443B-BBA7-98B47C4A1BE8}.Release|Any CPU.ActiveCfg = Release|Any CPU
		{1A21F514-4B6D-443B-BBA7-98B47C4A1BE8}.Release|Any CPU.Build.0 = Release|Any CPU
		{1A21F514-4B6D-443B-BBA7-98B47C4A1BE8}.Release|x64.ActiveCfg = Release|Any CPU
		{1A21F514-4B6D-443B-BBA7-98B47C4A1BE8}.Release|x64.Build.0 = Release|Any CPU
		{1A21F514-4B6D-443B-BBA7-98B47C4A1BE8}.Release|x86.ActiveCfg = Release|Any CPU
		{1A21F514-4B6D-443B-BBA7-98B47C4A1BE8}.Release|x86.Build.0 = Release|Any CPU
		{62EE8488-B5AD-4B0F-BA10-5F4CDC4D8E45}.Debug|Any CPU.ActiveCfg = Debug|Any CPU
		{62EE8488-B5AD-4B0F-BA10-5F4CDC4D8E45}.Debug|Any CPU.Build.0 = Debug|Any CPU
		{62EE8488-B5AD-4B0F-BA10-5F4CDC4D8E45}.Debug|x64.ActiveCfg = Debug|Any CPU
		{62EE8488-B5AD-4B0F-BA10-5F4CDC4D8E45}.Debug|x64.Build.0 = Debug|Any CPU
		{62EE8488-B5AD-4B0F-BA10-5F4CDC4D8E45}.Debug|x86.ActiveCfg = Debug|Any CPU
		{62EE8488-B5AD-4B0F-BA10-5F4CDC4D8E45}.Debug|x86.Build.0 = Debug|Any CPU
		{62EE8488-B5AD-4B0F-BA10-5F4CDC4D8E45}.Release|Any CPU.ActiveCfg = Release|Any CPU
		{62EE8488-B5AD-4B0F-BA10-5F4CDC4D8E45}.Release|Any CPU.Build.0 = Release|Any CPU
		{62EE8488-B5AD-4B0F-BA10-5F4CDC4D8E45}.Release|x64.ActiveCfg = Release|Any CPU
		{62EE8488-B5AD-4B0F-BA10-5F4CDC4D8E45}.Release|x64.Build.0 = Release|Any CPU
		{62EE8488-B5AD-4B0F-BA10-5F4CDC4D8E45}.Release|x86.ActiveCfg = Release|Any CPU
		{62EE8488-B5AD-4B0F-BA10-5F4CDC4D8E45}.Release|x86.Build.0 = Release|Any CPU
		{C82327B4-7900-4D84-A069-208E175974FB}.Debug|Any CPU.ActiveCfg = Debug|Any CPU
		{C82327B4-7900-4D84-A069-208E175974FB}.Debug|Any CPU.Build.0 = Debug|Any CPU
		{C82327B4-7900-4D84-A069-208E175974FB}.Debug|x64.ActiveCfg = Debug|Any CPU
		{C82327B4-7900-4D84-A069-208E175974FB}.Debug|x64.Build.0 = Debug|Any CPU
		{C82327B4-7900-4D84-A069-208E175974FB}.Debug|x86.ActiveCfg = Debug|Any CPU
		{C82327B4-7900-4D84-A069-208E175974FB}.Debug|x86.Build.0 = Debug|Any CPU
		{C82327B4-7900-4D84-A069-208E175974FB}.Release|Any CPU.ActiveCfg = Release|Any CPU
		{C82327B4-7900-4D84-A069-208E175974FB}.Release|Any CPU.Build.0 = Release|Any CPU
		{C82327B4-7900-4D84-A069-208E175974FB}.Release|x64.ActiveCfg = Release|Any CPU
		{C82327B4-7900-4D84-A069-208E175974FB}.Release|x64.Build.0 = Release|Any CPU
		{C82327B4-7900-4D84-A069-208E175974FB}.Release|x86.ActiveCfg = Release|Any CPU
		{C82327B4-7900-4D84-A069-208E175974FB}.Release|x86.Build.0 = Release|Any CPU
		{EDDC7EFD-501E-436F-90F0-1E607D7B6108}.Debug|Any CPU.ActiveCfg = Debug|Any CPU
		{EDDC7EFD-501E-436F-90F0-1E607D7B6108}.Debug|Any CPU.Build.0 = Debug|Any CPU
		{EDDC7EFD-501E-436F-90F0-1E607D7B6108}.Debug|x64.ActiveCfg = Debug|Any CPU
		{EDDC7EFD-501E-436F-90F0-1E607D7B6108}.Debug|x64.Build.0 = Debug|Any CPU
		{EDDC7EFD-501E-436F-90F0-1E607D7B6108}.Debug|x86.ActiveCfg = Debug|Any CPU
		{EDDC7EFD-501E-436F-90F0-1E607D7B6108}.Debug|x86.Build.0 = Debug|Any CPU
		{EDDC7EFD-501E-436F-90F0-1E607D7B6108}.Release|Any CPU.ActiveCfg = Release|Any CPU
		{EDDC7EFD-501E-436F-90F0-1E607D7B6108}.Release|Any CPU.Build.0 = Release|Any CPU
		{EDDC7EFD-501E-436F-90F0-1E607D7B6108}.Release|x64.ActiveCfg = Release|Any CPU
		{EDDC7EFD-501E-436F-90F0-1E607D7B6108}.Release|x64.Build.0 = Release|Any CPU
		{EDDC7EFD-501E-436F-90F0-1E607D7B6108}.Release|x86.ActiveCfg = Release|Any CPU
		{EDDC7EFD-501E-436F-90F0-1E607D7B6108}.Release|x86.Build.0 = Release|Any CPU
		{BD0900C5-CE1E-471C-B545-18429384B414}.Debug|Any CPU.ActiveCfg = Debug|Any CPU
		{BD0900C5-CE1E-471C-B545-18429384B414}.Debug|Any CPU.Build.0 = Debug|Any CPU
		{BD0900C5-CE1E-471C-B545-18429384B414}.Debug|x64.ActiveCfg = Debug|Any CPU
		{BD0900C5-CE1E-471C-B545-18429384B414}.Debug|x64.Build.0 = Debug|Any CPU
		{BD0900C5-CE1E-471C-B545-18429384B414}.Debug|x86.ActiveCfg = Debug|Any CPU
		{BD0900C5-CE1E-471C-B545-18429384B414}.Debug|x86.Build.0 = Debug|Any CPU
		{BD0900C5-CE1E-471C-B545-18429384B414}.Release|Any CPU.ActiveCfg = Release|Any CPU
		{BD0900C5-CE1E-471C-B545-18429384B414}.Release|Any CPU.Build.0 = Release|Any CPU
		{BD0900C5-CE1E-471C-B545-18429384B414}.Release|x64.ActiveCfg = Release|Any CPU
		{BD0900C5-CE1E-471C-B545-18429384B414}.Release|x64.Build.0 = Release|Any CPU
		{BD0900C5-CE1E-471C-B545-18429384B414}.Release|x86.ActiveCfg = Release|Any CPU
		{BD0900C5-CE1E-471C-B545-18429384B414}.Release|x86.Build.0 = Release|Any CPU
	EndGlobalSection
	GlobalSection(SolutionProperties) = preSolution
		HideSolutionNode = FALSE
	EndGlobalSection
	GlobalSection(NestedProjects) = preSolution
		{9C357CE7-0EE4-4C05-A9FB-B5E91042065B} = {B586BD14-8161-64EF-66F4-277DE2992EF5}
		{32E02259-DB1E-4F9A-A803-D5403B345431} = {B586BD14-8161-64EF-66F4-277DE2992EF5}
		{15A15E92-9A59-454A-8272-706A2B711AD7} = {B586BD14-8161-64EF-66F4-277DE2992EF5}
		{4E7B1AD0-558E-47D3-BD2D-0990C49E6F43} = {179A6561-B4D9-5926-8EFF-15C6BDB9798B}
		{E5EC75D3-520D-4493-A441-8AD904E0E37A} = {179A6561-B4D9-5926-8EFF-15C6BDB9798B}
		{1A21F514-4B6D-443B-BBA7-98B47C4A1BE8} = {179A6561-B4D9-5926-8EFF-15C6BDB9798B}
		{62EE8488-B5AD-4B0F-BA10-5F4CDC4D8E45} = {179A6561-B4D9-5926-8EFF-15C6BDB9798B}
		{C82327B4-7900-4D84-A069-208E175974FB} = {179A6561-B4D9-5926-8EFF-15C6BDB9798B}
		{EDDC7EFD-501E-436F-90F0-1E607D7B6108} = {179A6561-B4D9-5926-8EFF-15C6BDB9798B}
		{BD0900C5-CE1E-471C-B545-18429384B414} = {B586BD14-8161-64EF-66F4-277DE2992EF5}
	EndGlobalSection
EndGlobal
