
Microsoft Visual Studio Solution File, Format Version 12.00
# Visual Studio Version 17
VisualStudioVersion = 17.0.31903.59
MinimumVisualStudioVersion = 10.0.40219.1
Project("{2150E333-8FDC-42A3-9474-1A3956D46DE8}") = "01 Core", "01 Core", "{B586BD14-8161-64EF-66F4-277DE2992EF5}"
EndProject
Project("{FAE04EC0-301F-11D3-BF4B-00C04F79EFBC}") = "SpareParts.Domain", "..\src\SpareParts.Domain\SpareParts.Domain.csproj", "{72E261A5-669D-4AFE-90BC-FE5224C4B3EA}"
EndProject
Project("{2150E333-8FDC-42A3-9474-1A3956D46DE8}") = "02 Desktop", "02 Desktop", "{0E6D1E20-FDC1-052E-7C72-B0A631905C7C}"
EndProject
Project("{FAE04EC0-301F-11D3-BF4B-00C04F79EFBC}") = "SpareParts.Desktop.Interfaces", "..\src\SpareParts.Desktop.Interfaces\SpareParts.Desktop.Interfaces.csproj", "{8D34DEBF-6D6B-4CD6-8E9A-543AAE1E1C64}"
EndProject
Project("{FAE04EC0-301F-11D3-BF4B-00C04F79EFBC}") = "SpareParts.Desktop.Helpers", "..\src\SpareParts.Desktop.Helpers\SpareParts.Desktop.Helpers.csproj", "{7D0D25E5-C827-4AB9-B0B9-8F8BBDA56D5E}"
EndProject
Project("{FAE04EC0-301F-11D3-BF4B-00C04F79EFBC}") = "SpareParts.Desktop.Controls", "..\src\SpareParts.Desktop.Controls\SpareParts.Desktop.Controls.csproj", "{32603FE9-D2A5-4D09-81BE-C91291C30744}"
EndProject
Project("{FAE04EC0-301F-11D3-BF4B-00C04F79EFBC}") = "SpareParts.Desktop.ViewModels", "..\src\SpareParts.Desktop.ViewModels\SpareParts.Desktop.ViewModels.csproj", "{BAE4F657-BE10-4A63-9C7B-AFD323898ADE}"
EndProject
Project("{FAE04EC0-301F-11D3-BF4B-00C04F79EFBC}") = "SpareParts.Desktop.Wpf", "..\src\SpareParts.Desktop.Wpf\SpareParts.Desktop.Wpf.csproj", "{9CA80893-3A6B-45A6-A8AA-4B05594F459B}"
EndProject
Project("{FAE04EC0-301F-11D3-BF4B-00C04F79EFBC}") = "SpareParts.Desktop.Abstractions", "..\src\SpareParts.Desktop.Abstractions\SpareParts.Desktop.Abstractions.csproj", "{40DD246A-0380-40C8-B6E4-80952668FA32}"
EndProject
Project("{FAE04EC0-301F-11D3-BF4B-00C04F79EFBC}") = "SpareParts.Application", "..\src\SpareParts.Application\SpareParts.Application.csproj", "{AEB9BC66-7611-478C-A66E-54B9CECBEBEB}"
EndProject
Global
	GlobalSection(SolutionConfigurationPlatforms) = preSolution
		Debug|Any CPU = Debug|Any CPU
		Debug|x64 = Debug|x64
		Debug|x86 = Debug|x86
		Release|Any CPU = Release|Any CPU
		Release|x64 = Release|x64
		Release|x86 = Release|x86
	EndGlobalSection
	GlobalSection(ProjectConfigurationPlatforms) = postSolution
		{72E261A5-669D-4AFE-90BC-FE5224C4B3EA}.Debug|Any CPU.ActiveCfg = Debug|Any CPU
		{72E261A5-669D-4AFE-90BC-FE5224C4B3EA}.Debug|Any CPU.Build.0 = Debug|Any CPU
		{72E261A5-669D-4AFE-90BC-FE5224C4B3EA}.Debug|x64.ActiveCfg = Debug|Any CPU
		{72E261A5-669D-4AFE-90BC-FE5224C4B3EA}.Debug|x64.Build.0 = Debug|Any CPU
		{72E261A5-669D-4AFE-90BC-FE5224C4B3EA}.Debug|x86.ActiveCfg = Debug|Any CPU
		{72E261A5-669D-4AFE-90BC-FE5224C4B3EA}.Debug|x86.Build.0 = Debug|Any CPU
		{72E261A5-669D-4AFE-90BC-FE5224C4B3EA}.Release|Any CPU.ActiveCfg = Release|Any CPU
		{72E261A5-669D-4AFE-90BC-FE5224C4B3EA}.Release|Any CPU.Build.0 = Release|Any CPU
		{72E261A5-669D-4AFE-90BC-FE5224C4B3EA}.Release|x64.ActiveCfg = Release|Any CPU
		{72E261A5-669D-4AFE-90BC-FE5224C4B3EA}.Release|x64.Build.0 = Release|Any CPU
		{72E261A5-669D-4AFE-90BC-FE5224C4B3EA}.Release|x86.ActiveCfg = Release|Any CPU
		{72E261A5-669D-4AFE-90BC-FE5224C4B3EA}.Release|x86.Build.0 = Release|Any CPU
		{8D34DEBF-6D6B-4CD6-8E9A-543AAE1E1C64}.Debug|Any CPU.ActiveCfg = Debug|Any CPU
		{8D34DEBF-6D6B-4CD6-8E9A-543AAE1E1C64}.Debug|Any CPU.Build.0 = Debug|Any CPU
		{8D34DEBF-6D6B-4CD6-8E9A-543AAE1E1C64}.Debug|x64.ActiveCfg = Debug|Any CPU
		{8D34DEBF-6D6B-4CD6-8E9A-543AAE1E1C64}.Debug|x64.Build.0 = Debug|Any CPU
		{8D34DEBF-6D6B-4CD6-8E9A-543AAE1E1C64}.Debug|x86.ActiveCfg = Debug|Any CPU
		{8D34DEBF-6D6B-4CD6-8E9A-543AAE1E1C64}.Debug|x86.Build.0 = Debug|Any CPU
		{8D34DEBF-6D6B-4CD6-8E9A-543AAE1E1C64}.Release|Any CPU.ActiveCfg = Release|Any CPU
		{8D34DEBF-6D6B-4CD6-8E9A-543AAE1E1C64}.Release|Any CPU.Build.0 = Release|Any CPU
		{8D34DEBF-6D6B-4CD6-8E9A-543AAE1E1C64}.Release|x64.ActiveCfg = Release|Any CPU
		{8D34DEBF-6D6B-4CD6-8E9A-543AAE1E1C64}.Release|x64.Build.0 = Release|Any CPU
		{8D34DEBF-6D6B-4CD6-8E9A-543AAE1E1C64}.Release|x86.ActiveCfg = Release|Any CPU
		{8D34DEBF-6D6B-4CD6-8E9A-543AAE1E1C64}.Release|x86.Build.0 = Release|Any CPU
		{7D0D25E5-C827-4AB9-B0B9-8F8BBDA56D5E}.Debug|Any CPU.ActiveCfg = Debug|Any CPU
		{7D0D25E5-C827-4AB9-B0B9-8F8BBDA56D5E}.Debug|Any CPU.Build.0 = Debug|Any CPU
		{7D0D25E5-C827-4AB9-B0B9-8F8BBDA56D5E}.Debug|x64.ActiveCfg = Debug|Any CPU
		{7D0D25E5-C827-4AB9-B0B9-8F8BBDA56D5E}.Debug|x64.Build.0 = Debug|Any CPU
		{7D0D25E5-C827-4AB9-B0B9-8F8BBDA56D5E}.Debug|x86.ActiveCfg = Debug|Any CPU
		{7D0D25E5-C827-4AB9-B0B9-8F8BBDA56D5E}.Debug|x86.Build.0 = Debug|Any CPU
		{7D0D25E5-C827-4AB9-B0B9-8F8BBDA56D5E}.Release|Any CPU.ActiveCfg = Release|Any CPU
		{7D0D25E5-C827-4AB9-B0B9-8F8BBDA56D5E}.Release|Any CPU.Build.0 = Release|Any CPU
		{7D0D25E5-C827-4AB9-B0B9-8F8BBDA56D5E}.Release|x64.ActiveCfg = Release|Any CPU
		{7D0D25E5-C827-4AB9-B0B9-8F8BBDA56D5E}.Release|x64.Build.0 = Release|Any CPU
		{7D0D25E5-C827-4AB9-B0B9-8F8BBDA56D5E}.Release|x86.ActiveCfg = Release|Any CPU
		{7D0D25E5-C827-4AB9-B0B9-8F8BBDA56D5E}.Release|x86.Build.0 = Release|Any CPU
		{32603FE9-D2A5-4D09-81BE-C91291C30744}.Debug|Any CPU.ActiveCfg = Debug|Any CPU
		{32603FE9-D2A5-4D09-81BE-C91291C30744}.Debug|Any CPU.Build.0 = Debug|Any CPU
		{32603FE9-D2A5-4D09-81BE-C91291C30744}.Debug|x64.ActiveCfg = Debug|Any CPU
		{32603FE9-D2A5-4D09-81BE-C91291C30744}.Debug|x64.Build.0 = Debug|Any CPU
		{32603FE9-D2A5-4D09-81BE-C91291C30744}.Debug|x86.ActiveCfg = Debug|Any CPU
		{32603FE9-D2A5-4D09-81BE-C91291C30744}.Debug|x86.Build.0 = Debug|Any CPU
		{32603FE9-D2A5-4D09-81BE-C91291C30744}.Release|Any CPU.ActiveCfg = Release|Any CPU
		{32603FE9-D2A5-4D09-81BE-C91291C30744}.Release|Any CPU.Build.0 = Release|Any CPU
		{32603FE9-D2A5-4D09-81BE-C91291C30744}.Release|x64.ActiveCfg = Release|Any CPU
		{32603FE9-D2A5-4D09-81BE-C91291C30744}.Release|x64.Build.0 = Release|Any CPU
		{32603FE9-D2A5-4D09-81BE-C91291C30744}.Release|x86.ActiveCfg = Release|Any CPU
		{32603FE9-D2A5-4D09-81BE-C91291C30744}.Release|x86.Build.0 = Release|Any CPU
		{BAE4F657-BE10-4A63-9C7B-AFD323898ADE}.Debug|Any CPU.ActiveCfg = Debug|Any CPU
		{BAE4F657-BE10-4A63-9C7B-AFD323898ADE}.Debug|Any CPU.Build.0 = Debug|Any CPU
		{BAE4F657-BE10-4A63-9C7B-AFD323898ADE}.Debug|x64.ActiveCfg = Debug|Any CPU
		{BAE4F657-BE10-4A63-9C7B-AFD323898ADE}.Debug|x64.Build.0 = Debug|Any CPU
		{BAE4F657-BE10-4A63-9C7B-AFD323898ADE}.Debug|x86.ActiveCfg = Debug|Any CPU
		{BAE4F657-BE10-4A63-9C7B-AFD323898ADE}.Debug|x86.Build.0 = Debug|Any CPU
		{BAE4F657-BE10-4A63-9C7B-AFD323898ADE}.Release|Any CPU.ActiveCfg = Release|Any CPU
		{BAE4F657-BE10-4A63-9C7B-AFD323898ADE}.Release|Any CPU.Build.0 = Release|Any CPU
		{BAE4F657-BE10-4A63-9C7B-AFD323898ADE}.Release|x64.ActiveCfg = Release|Any CPU
		{BAE4F657-BE10-4A63-9C7B-AFD323898ADE}.Release|x64.Build.0 = Release|Any CPU
		{BAE4F657-BE10-4A63-9C7B-AFD323898ADE}.Release|x86.ActiveCfg = Release|Any CPU
		{BAE4F657-BE10-4A63-9C7B-AFD323898ADE}.Release|x86.Build.0 = Release|Any CPU
		{9CA80893-3A6B-45A6-A8AA-4B05594F459B}.Debug|Any CPU.ActiveCfg = Debug|Any CPU
		{9CA80893-3A6B-45A6-A8AA-4B05594F459B}.Debug|Any CPU.Build.0 = Debug|Any CPU
		{9CA80893-3A6B-45A6-A8AA-4B05594F459B}.Debug|x64.ActiveCfg = Debug|Any CPU
		{9CA80893-3A6B-45A6-A8AA-4B05594F459B}.Debug|x64.Build.0 = Debug|Any CPU
		{9CA80893-3A6B-45A6-A8AA-4B05594F459B}.Debug|x86.ActiveCfg = Debug|Any CPU
		{9CA80893-3A6B-45A6-A8AA-4B05594F459B}.Debug|x86.Build.0 = Debug|Any CPU
		{9CA80893-3A6B-45A6-A8AA-4B05594F459B}.Release|Any CPU.ActiveCfg = Release|Any CPU
		{9CA80893-3A6B-45A6-A8AA-4B05594F459B}.Release|Any CPU.Build.0 = Release|Any CPU
		{9CA80893-3A6B-45A6-A8AA-4B05594F459B}.Release|x64.ActiveCfg = Release|Any CPU
		{9CA80893-3A6B-45A6-A8AA-4B05594F459B}.Release|x64.Build.0 = Release|Any CPU
		{9CA80893-3A6B-45A6-A8AA-4B05594F459B}.Release|x86.ActiveCfg = Release|Any CPU
		{9CA80893-3A6B-45A6-A8AA-4B05594F459B}.Release|x86.Build.0 = Release|Any CPU
		{40DD246A-0380-40C8-B6E4-80952668FA32}.Debug|Any CPU.ActiveCfg = Debug|Any CPU
		{40DD246A-0380-40C8-B6E4-80952668FA32}.Debug|Any CPU.Build.0 = Debug|Any CPU
		{40DD246A-0380-40C8-B6E4-80952668FA32}.Debug|x64.ActiveCfg = Debug|Any CPU
		{40DD246A-0380-40C8-B6E4-80952668FA32}.Debug|x64.Build.0 = Debug|Any CPU
		{40DD246A-0380-40C8-B6E4-80952668FA32}.Debug|x86.ActiveCfg = Debug|Any CPU
		{40DD246A-0380-40C8-B6E4-80952668FA32}.Debug|x86.Build.0 = Debug|Any CPU
		{40DD246A-0380-40C8-B6E4-80952668FA32}.Release|Any CPU.ActiveCfg = Release|Any CPU
		{40DD246A-0380-40C8-B6E4-80952668FA32}.Release|Any CPU.Build.0 = Release|Any CPU
		{40DD246A-0380-40C8-B6E4-80952668FA32}.Release|x64.ActiveCfg = Release|Any CPU
		{40DD246A-0380-40C8-B6E4-80952668FA32}.Release|x64.Build.0 = Release|Any CPU
		{40DD246A-0380-40C8-B6E4-80952668FA32}.Release|x86.ActiveCfg = Release|Any CPU
		{40DD246A-0380-40C8-B6E4-80952668FA32}.Release|x86.Build.0 = Release|Any CPU
		{AEB9BC66-7611-478C-A66E-54B9CECBEBEB}.Debug|Any CPU.ActiveCfg = Debug|Any CPU
		{AEB9BC66-7611-478C-A66E-54B9CECBEBEB}.Debug|Any CPU.Build.0 = Debug|Any CPU
		{AEB9BC66-7611-478C-A66E-54B9CECBEBEB}.Debug|x64.ActiveCfg = Debug|Any CPU
		{AEB9BC66-7611-478C-A66E-54B9CECBEBEB}.Debug|x64.Build.0 = Debug|Any CPU
		{AEB9BC66-7611-478C-A66E-54B9CECBEBEB}.Debug|x86.ActiveCfg = Debug|Any CPU
		{AEB9BC66-7611-478C-A66E-54B9CECBEBEB}.Debug|x86.Build.0 = Debug|Any CPU
		{AEB9BC66-7611-478C-A66E-54B9CECBEBEB}.Release|Any CPU.ActiveCfg = Release|Any CPU
		{AEB9BC66-7611-478C-A66E-54B9CECBEBEB}.Release|Any CPU.Build.0 = Release|Any CPU
		{AEB9BC66-7611-478C-A66E-54B9CECBEBEB}.Release|x64.ActiveCfg = Release|Any CPU
		{AEB9BC66-7611-478C-A66E-54B9CECBEBEB}.Release|x64.Build.0 = Release|Any CPU
		{AEB9BC66-7611-478C-A66E-54B9CECBEBEB}.Release|x86.ActiveCfg = Release|Any CPU
		{AEB9BC66-7611-478C-A66E-54B9CECBEBEB}.Release|x86.Build.0 = Release|Any CPU
	EndGlobalSection
	GlobalSection(SolutionProperties) = preSolution
		HideSolutionNode = FALSE
	EndGlobalSection
	GlobalSection(NestedProjects) = preSolution
		{72E261A5-669D-4AFE-90BC-FE5224C4B3EA} = {B586BD14-8161-64EF-66F4-277DE2992EF5}
		{8D34DEBF-6D6B-4CD6-8E9A-543AAE1E1C64} = {0E6D1E20-FDC1-052E-7C72-B0A631905C7C}
		{7D0D25E5-C827-4AB9-B0B9-8F8BBDA56D5E} = {0E6D1E20-FDC1-052E-7C72-B0A631905C7C}
		{32603FE9-D2A5-4D09-81BE-C91291C30744} = {0E6D1E20-FDC1-052E-7C72-B0A631905C7C}
		{BAE4F657-BE10-4A63-9C7B-AFD323898ADE} = {0E6D1E20-FDC1-052E-7C72-B0A631905C7C}
		{9CA80893-3A6B-45A6-A8AA-4B05594F459B} = {0E6D1E20-FDC1-052E-7C72-B0A631905C7C}
		{40DD246A-0380-40C8-B6E4-80952668FA32} = {0E6D1E20-FDC1-052E-7C72-B0A631905C7C}
		{AEB9BC66-7611-478C-A66E-54B9CECBEBEB} = {B586BD14-8161-64EF-66F4-277DE2992EF5}
	EndGlobalSection
EndGlobal
