
Microsoft Visual Studio Solution File, Format Version 12.00
# Visual Studio Version 17
VisualStudioVersion = 17.0.31903.59
MinimumVisualStudioVersion = 10.0.40219.1
Project("{2150E333-8FDC-42A3-9474-1A3956D46DE8}") = "01 Tests", "01 Tests", "{12311FEC-4088-F7A3-039C-746C6E42BEE9}"
EndProject
Project("{FAE04EC0-301F-11D3-BF4B-00C04F79EFBC}") = "SpareParts.ArchitectureTests", "..\tests\SpareParts.ArchitectureTests\SpareParts.ArchitectureTests.csproj", "{07B7D041-7E4F-46BC-AA56-B507F65133BF}"
EndProject
Project("{FAE04EC0-301F-11D3-BF4B-00C04F79EFBC}") = "SpareParts.IntegrationTests", "..\tests\SpareParts.IntegrationTests\SpareParts.IntegrationTests.csproj", "{DAE199F7-E120-4367-8D0E-65C6AB67E26A}"
EndProject
Project("{FAE04EC0-301F-11D3-BF4B-00C04F79EFBC}") = "SpareParts.ManagementTests", "..\tests\SpareParts.ManagementTests\SpareParts.ManagementTests.csproj", "{88784073-7185-4579-B1F5-6FAA0E287C58}"
EndProject
Project("{2150E333-8FDC-42A3-9474-1A3956D46DE8}") = "02 Dependencies", "02 Dependencies", "{87FF0521-6E95-A498-5875-2C629E1053AC}"
EndProject
Project("{FAE04EC0-301F-11D3-BF4B-00C04F79EFBC}") = "SpareParts.Domain", "..\src\SpareParts.Domain\SpareParts.Domain.csproj", "{9D6422C6-3945-491F-9CA8-73EA29AB562D}"
EndProject
Project("{FAE04EC0-301F-11D3-BF4B-00C04F79EFBC}") = "SpareParts.Infrastructure.Interfaces", "..\src\SpareParts.Infrastructure.Interfaces\SpareParts.Infrastructure.Interfaces.csproj", "{FB9CF600-29C3-4523-AD14-F2A42AB960DC}"
EndProject
Project("{FAE04EC0-301F-11D3-BF4B-00C04F79EFBC}") = "SpareParts.Infrastructure", "..\src\SpareParts.Infrastructure\SpareParts.Infrastructure.csproj", "{F5406A9B-0062-468F-895D-51FE850AB6CF}"
EndProject
Project("{FAE04EC0-301F-11D3-BF4B-00C04F79EFBC}") = "SpareParts.Api", "..\src\SpareParts.Api\SpareParts.Api.csproj", "{582FBE5B-AC0C-478D-A898-91EC4871C40A}"
EndProject
Project("{FAE04EC0-301F-11D3-BF4B-00C04F79EFBC}") = "SpareParts.Desktop.Interfaces", "..\src\SpareParts.Desktop.Interfaces\SpareParts.Desktop.Interfaces.csproj", "{46A0DFB1-7736-468B-A701-F9E15DC0483C}"
EndProject
Project("{FAE04EC0-301F-11D3-BF4B-00C04F79EFBC}") = "SpareParts.Desktop.Helpers", "..\src\SpareParts.Desktop.Helpers\SpareParts.Desktop.Helpers.csproj", "{5366172E-129E-4505-A48C-7D8D87899224}"
EndProject
Project("{FAE04EC0-301F-11D3-BF4B-00C04F79EFBC}") = "SpareParts.Desktop.Controls", "..\src\SpareParts.Desktop.Controls\SpareParts.Desktop.Controls.csproj", "{452661ED-51A7-442C-A0BA-181865D1A2F5}"
EndProject
Project("{FAE04EC0-301F-11D3-BF4B-00C04F79EFBC}") = "SpareParts.Desktop.ViewModels", "..\src\SpareParts.Desktop.ViewModels\SpareParts.Desktop.ViewModels.csproj", "{3344DA93-3F74-44F6-AC9B-69E2C4AEEF52}"
EndProject
Project("{FAE04EC0-301F-11D3-BF4B-00C04F79EFBC}") = "SpareParts.Desktop.Wpf", "..\src\SpareParts.Desktop.Wpf\SpareParts.Desktop.Wpf.csproj", "{325CC03D-48EB-4F0A-8E81-78F37F7BA222}"
EndProject
Project("{FAE04EC0-301F-11D3-BF4B-00C04F79EFBC}") = "SpareParts.Desktop.Abstractions", "..\src\SpareParts.Desktop.Abstractions\SpareParts.Desktop.Abstractions.csproj", "{4E2A72DC-01D7-48DC-97B9-E67D7E3CDAA1}"
EndProject
Project("{FAE04EC0-301F-11D3-BF4B-00C04F79EFBC}") = "SpareParts.Application", "..\src\SpareParts.Application\SpareParts.Application.csproj", "{3CAB3A5D-D33B-42DF-8E88-6ADE0F23BD4F}"
EndProject
Global
	GlobalSection(SolutionConfigurationPlatforms) = preSolution
		Debug|Any CPU = Debug|Any CPU
		Debug|x64 = Debug|x64
		Debug|x86 = Debug|x86
		Release|Any CPU = Release|Any CPU
		Release|x64 = Release|x64
		Release|x86 = Release|x86
	EndGlobalSection
	GlobalSection(ProjectConfigurationPlatforms) = postSolution
		{07B7D041-7E4F-46BC-AA56-B507F65133BF}.Debug|Any CPU.ActiveCfg = Debug|Any CPU
		{07B7D041-7E4F-46BC-AA56-B507F65133BF}.Debug|Any CPU.Build.0 = Debug|Any CPU
		{07B7D041-7E4F-46BC-AA56-B507F65133BF}.Debug|x64.ActiveCfg = Debug|Any CPU
		{07B7D041-7E4F-46BC-AA56-B507F65133BF}.Debug|x64.Build.0 = Debug|Any CPU
		{07B7D041-7E4F-46BC-AA56-B507F65133BF}.Debug|x86.ActiveCfg = Debug|Any CPU
		{07B7D041-7E4F-46BC-AA56-B507F65133BF}.Debug|x86.Build.0 = Debug|Any CPU
		{07B7D041-7E4F-46BC-AA56-B507F65133BF}.Release|Any CPU.ActiveCfg = Release|Any CPU
		{07B7D041-7E4F-46BC-AA56-B507F65133BF}.Release|Any CPU.Build.0 = Release|Any CPU
		{07B7D041-7E4F-46BC-AA56-B507F65133BF}.Release|x64.ActiveCfg = Release|Any CPU
		{07B7D041-7E4F-46BC-AA56-B507F65133BF}.Release|x64.Build.0 = Release|Any CPU
		{07B7D041-7E4F-46BC-AA56-B507F65133BF}.Release|x86.ActiveCfg = Release|Any CPU
		{07B7D041-7E4F-46BC-AA56-B507F65133BF}.Release|x86.Build.0 = Release|Any CPU
		{DAE199F7-E120-4367-8D0E-65C6AB67E26A}.Debug|Any CPU.ActiveCfg = Debug|Any CPU
		{DAE199F7-E120-4367-8D0E-65C6AB67E26A}.Debug|Any CPU.Build.0 = Debug|Any CPU
		{DAE199F7-E120-4367-8D0E-65C6AB67E26A}.Debug|x64.ActiveCfg = Debug|Any CPU
		{DAE199F7-E120-4367-8D0E-65C6AB67E26A}.Debug|x64.Build.0 = Debug|Any CPU
		{DAE199F7-E120-4367-8D0E-65C6AB67E26A}.Debug|x86.ActiveCfg = Debug|Any CPU
		{DAE199F7-E120-4367-8D0E-65C6AB67E26A}.Debug|x86.Build.0 = Debug|Any CPU
		{DAE199F7-E120-4367-8D0E-65C6AB67E26A}.Release|Any CPU.ActiveCfg = Release|Any CPU
		{DAE199F7-E120-4367-8D0E-65C6AB67E26A}.Release|Any CPU.Build.0 = Release|Any CPU
		{DAE199F7-E120-4367-8D0E-65C6AB67E26A}.Release|x64.ActiveCfg = Release|Any CPU
		{DAE199F7-E120-4367-8D0E-65C6AB67E26A}.Release|x64.Build.0 = Release|Any CPU
		{DAE199F7-E120-4367-8D0E-65C6AB67E26A}.Release|x86.ActiveCfg = Release|Any CPU
		{DAE199F7-E120-4367-8D0E-65C6AB67E26A}.Release|x86.Build.0 = Release|Any CPU
		{88784073-7185-4579-B1F5-6FAA0E287C58}.Debug|Any CPU.ActiveCfg = Debug|Any CPU
		{88784073-7185-4579-B1F5-6FAA0E287C58}.Debug|Any CPU.Build.0 = Debug|Any CPU
		{88784073-7185-4579-B1F5-6FAA0E287C58}.Debug|x64.ActiveCfg = Debug|Any CPU
		{88784073-7185-4579-B1F5-6FAA0E287C58}.Debug|x64.Build.0 = Debug|Any CPU
		{88784073-7185-4579-B1F5-6FAA0E287C58}.Debug|x86.ActiveCfg = Debug|Any CPU
		{88784073-7185-4579-B1F5-6FAA0E287C58}.Debug|x86.Build.0 = Debug|Any CPU
		{88784073-7185-4579-B1F5-6FAA0E287C58}.Release|Any CPU.ActiveCfg = Release|Any CPU
		{88784073-7185-4579-B1F5-6FAA0E287C58}.Release|Any CPU.Build.0 = Release|Any CPU
		{88784073-7185-4579-B1F5-6FAA0E287C58}.Release|x64.ActiveCfg = Release|Any CPU
		{88784073-7185-4579-B1F5-6FAA0E287C58}.Release|x64.Build.0 = Release|Any CPU
		{88784073-7185-4579-B1F5-6FAA0E287C58}.Release|x86.ActiveCfg = Release|Any CPU
		{88784073-7185-4579-B1F5-6FAA0E287C58}.Release|x86.Build.0 = Release|Any CPU
		{9D6422C6-3945-491F-9CA8-73EA29AB562D}.Debug|Any CPU.ActiveCfg = Debug|Any CPU
		{9D6422C6-3945-491F-9CA8-73EA29AB562D}.Debug|Any CPU.Build.0 = Debug|Any CPU
		{9D6422C6-3945-491F-9CA8-73EA29AB562D}.Debug|x64.ActiveCfg = Debug|Any CPU
		{9D6422C6-3945-491F-9CA8-73EA29AB562D}.Debug|x64.Build.0 = Debug|Any CPU
		{9D6422C6-3945-491F-9CA8-73EA29AB562D}.Debug|x86.ActiveCfg = Debug|Any CPU
		{9D6422C6-3945-491F-9CA8-73EA29AB562D}.Debug|x86.Build.0 = Debug|Any CPU
		{9D6422C6-3945-491F-9CA8-73EA29AB562D}.Release|Any CPU.ActiveCfg = Release|Any CPU
		{9D6422C6-3945-491F-9CA8-73EA29AB562D}.Release|Any CPU.Build.0 = Release|Any CPU
		{9D6422C6-3945-491F-9CA8-73EA29AB562D}.Release|x64.ActiveCfg = Release|Any CPU
		{9D6422C6-3945-491F-9CA8-73EA29AB562D}.Release|x64.Build.0 = Release|Any CPU
		{9D6422C6-3945-491F-9CA8-73EA29AB562D}.Release|x86.ActiveCfg = Release|Any CPU
		{9D6422C6-3945-491F-9CA8-73EA29AB562D}.Release|x86.Build.0 = Release|Any CPU
		{FB9CF600-29C3-4523-AD14-F2A42AB960DC}.Debug|Any CPU.ActiveCfg = Debug|Any CPU
		{FB9CF600-29C3-4523-AD14-F2A42AB960DC}.Debug|Any CPU.Build.0 = Debug|Any CPU
		{FB9CF600-29C3-4523-AD14-F2A42AB960DC}.Debug|x64.ActiveCfg = Debug|Any CPU
		{FB9CF600-29C3-4523-AD14-F2A42AB960DC}.Debug|x64.Build.0 = Debug|Any CPU
		{FB9CF600-29C3-4523-AD14-F2A42AB960DC}.Debug|x86.ActiveCfg = Debug|Any CPU
		{FB9CF600-29C3-4523-AD14-F2A42AB960DC}.Debug|x86.Build.0 = Debug|Any CPU
		{FB9CF600-29C3-4523-AD14-F2A42AB960DC}.Release|Any CPU.ActiveCfg = Release|Any CPU
		{FB9CF600-29C3-4523-AD14-F2A42AB960DC}.Release|Any CPU.Build.0 = Release|Any CPU
		{FB9CF600-29C3-4523-AD14-F2A42AB960DC}.Release|x64.ActiveCfg = Release|Any CPU
		{FB9CF600-29C3-4523-AD14-F2A42AB960DC}.Release|x64.Build.0 = Release|Any CPU
		{FB9CF600-29C3-4523-AD14-F2A42AB960DC}.Release|x86.ActiveCfg = Release|Any CPU
		{FB9CF600-29C3-4523-AD14-F2A42AB960DC}.Release|x86.Build.0 = Release|Any CPU
		{F5406A9B-0062-468F-895D-51FE850AB6CF}.Debug|Any CPU.ActiveCfg = Debug|Any CPU
		{F5406A9B-0062-468F-895D-51FE850AB6CF}.Debug|Any CPU.Build.0 = Debug|Any CPU
		{F5406A9B-0062-468F-895D-51FE850AB6CF}.Debug|x64.ActiveCfg = Debug|Any CPU
		{F5406A9B-0062-468F-895D-51FE850AB6CF}.Debug|x64.Build.0 = Debug|Any CPU
		{F5406A9B-0062-468F-895D-51FE850AB6CF}.Debug|x86.ActiveCfg = Debug|Any CPU
		{F5406A9B-0062-468F-895D-51FE850AB6CF}.Debug|x86.Build.0 = Debug|Any CPU
		{F5406A9B-0062-468F-895D-51FE850AB6CF}.Release|Any CPU.ActiveCfg = Release|Any CPU
		{F5406A9B-0062-468F-895D-51FE850AB6CF}.Release|Any CPU.Build.0 = Release|Any CPU
		{F5406A9B-0062-468F-895D-51FE850AB6CF}.Release|x64.ActiveCfg = Release|Any CPU
		{F5406A9B-0062-468F-895D-51FE850AB6CF}.Release|x64.Build.0 = Release|Any CPU
		{F5406A9B-0062-468F-895D-51FE850AB6CF}.Release|x86.ActiveCfg = Release|Any CPU
		{F5406A9B-0062-468F-895D-51FE850AB6CF}.Release|x86.Build.0 = Release|Any CPU
		{582FBE5B-AC0C-478D-A898-91EC4871C40A}.Debug|Any CPU.ActiveCfg = Debug|Any CPU
		{582FBE5B-AC0C-478D-A898-91EC4871C40A}.Debug|Any CPU.Build.0 = Debug|Any CPU
		{582FBE5B-AC0C-478D-A898-91EC4871C40A}.Debug|x64.ActiveCfg = Debug|Any CPU
		{582FBE5B-AC0C-478D-A898-91EC4871C40A}.Debug|x64.Build.0 = Debug|Any CPU
		{582FBE5B-AC0C-478D-A898-91EC4871C40A}.Debug|x86.ActiveCfg = Debug|Any CPU
		{582FBE5B-AC0C-478D-A898-91EC4871C40A}.Debug|x86.Build.0 = Debug|Any CPU
		{582FBE5B-AC0C-478D-A898-91EC4871C40A}.Release|Any CPU.ActiveCfg = Release|Any CPU
		{582FBE5B-AC0C-478D-A898-91EC4871C40A}.Release|Any CPU.Build.0 = Release|Any CPU
		{582FBE5B-AC0C-478D-A898-91EC4871C40A}.Release|x64.ActiveCfg = Release|Any CPU
		{582FBE5B-AC0C-478D-A898-91EC4871C40A}.Release|x64.Build.0 = Release|Any CPU
		{582FBE5B-AC0C-478D-A898-91EC4871C40A}.Release|x86.ActiveCfg = Release|Any CPU
		{582FBE5B-AC0C-478D-A898-91EC4871C40A}.Release|x86.Build.0 = Release|Any CPU
		{46A0DFB1-7736-468B-A701-F9E15DC0483C}.Debug|Any CPU.ActiveCfg = Debug|Any CPU
		{46A0DFB1-7736-468B-A701-F9E15DC0483C}.Debug|Any CPU.Build.0 = Debug|Any CPU
		{46A0DFB1-7736-468B-A701-F9E15DC0483C}.Debug|x64.ActiveCfg = Debug|Any CPU
		{46A0DFB1-7736-468B-A701-F9E15DC0483C}.Debug|x64.Build.0 = Debug|Any CPU
		{46A0DFB1-7736-468B-A701-F9E15DC0483C}.Debug|x86.ActiveCfg = Debug|Any CPU
		{46A0DFB1-7736-468B-A701-F9E15DC0483C}.Debug|x86.Build.0 = Debug|Any CPU
		{46A0DFB1-7736-468B-A701-F9E15DC0483C}.Release|Any CPU.ActiveCfg = Release|Any CPU
		{46A0DFB1-7736-468B-A701-F9E15DC0483C}.Release|Any CPU.Build.0 = Release|Any CPU
		{46A0DFB1-7736-468B-A701-F9E15DC0483C}.Release|x64.ActiveCfg = Release|Any CPU
		{46A0DFB1-7736-468B-A701-F9E15DC0483C}.Release|x64.Build.0 = Release|Any CPU
		{46A0DFB1-7736-468B-A701-F9E15DC0483C}.Release|x86.ActiveCfg = Release|Any CPU
		{46A0DFB1-7736-468B-A701-F9E15DC0483C}.Release|x86.Build.0 = Release|Any CPU
		{5366172E-129E-4505-A48C-7D8D87899224}.Debug|Any CPU.ActiveCfg = Debug|Any CPU
		{5366172E-129E-4505-A48C-7D8D87899224}.Debug|Any CPU.Build.0 = Debug|Any CPU
		{5366172E-129E-4505-A48C-7D8D87899224}.Debug|x64.ActiveCfg = Debug|Any CPU
		{5366172E-129E-4505-A48C-7D8D87899224}.Debug|x64.Build.0 = Debug|Any CPU
		{5366172E-129E-4505-A48C-7D8D87899224}.Debug|x86.ActiveCfg = Debug|Any CPU
		{5366172E-129E-4505-A48C-7D8D87899224}.Debug|x86.Build.0 = Debug|Any CPU
		{5366172E-129E-4505-A48C-7D8D87899224}.Release|Any CPU.ActiveCfg = Release|Any CPU
		{5366172E-129E-4505-A48C-7D8D87899224}.Release|Any CPU.Build.0 = Release|Any CPU
		{5366172E-129E-4505-A48C-7D8D87899224}.Release|x64.ActiveCfg = Release|Any CPU
		{5366172E-129E-4505-A48C-7D8D87899224}.Release|x64.Build.0 = Release|Any CPU
		{5366172E-129E-4505-A48C-7D8D87899224}.Release|x86.ActiveCfg = Release|Any CPU
		{5366172E-129E-4505-A48C-7D8D87899224}.Release|x86.Build.0 = Release|Any CPU
		{452661ED-51A7-442C-A0BA-181865D1A2F5}.Debug|Any CPU.ActiveCfg = Debug|Any CPU
		{452661ED-51A7-442C-A0BA-181865D1A2F5}.Debug|Any CPU.Build.0 = Debug|Any CPU
		{452661ED-51A7-442C-A0BA-181865D1A2F5}.Debug|x64.ActiveCfg = Debug|Any CPU
		{452661ED-51A7-442C-A0BA-181865D1A2F5}.Debug|x64.Build.0 = Debug|Any CPU
		{452661ED-51A7-442C-A0BA-181865D1A2F5}.Debug|x86.ActiveCfg = Debug|Any CPU
		{452661ED-51A7-442C-A0BA-181865D1A2F5}.Debug|x86.Build.0 = Debug|Any CPU
		{452661ED-51A7-442C-A0BA-181865D1A2F5}.Release|Any CPU.ActiveCfg = Release|Any CPU
		{452661ED-51A7-442C-A0BA-181865D1A2F5}.Release|Any CPU.Build.0 = Release|Any CPU
		{452661ED-51A7-442C-A0BA-181865D1A2F5}.Release|x64.ActiveCfg = Release|Any CPU
		{452661ED-51A7-442C-A0BA-181865D1A2F5}.Release|x64.Build.0 = Release|Any CPU
		{452661ED-51A7-442C-A0BA-181865D1A2F5}.Release|x86.ActiveCfg = Release|Any CPU
		{452661ED-51A7-442C-A0BA-181865D1A2F5}.Release|x86.Build.0 = Release|Any CPU
		{3344DA93-3F74-44F6-AC9B-69E2C4AEEF52}.Debug|Any CPU.ActiveCfg = Debug|Any CPU
		{3344DA93-3F74-44F6-AC9B-69E2C4AEEF52}.Debug|Any CPU.Build.0 = Debug|Any CPU
		{3344DA93-3F74-44F6-AC9B-69E2C4AEEF52}.Debug|x64.ActiveCfg = Debug|Any CPU
		{3344DA93-3F74-44F6-AC9B-69E2C4AEEF52}.Debug|x64.Build.0 = Debug|Any CPU
		{3344DA93-3F74-44F6-AC9B-69E2C4AEEF52}.Debug|x86.ActiveCfg = Debug|Any CPU
		{3344DA93-3F74-44F6-AC9B-69E2C4AEEF52}.Debug|x86.Build.0 = Debug|Any CPU
		{3344DA93-3F74-44F6-AC9B-69E2C4AEEF52}.Release|Any CPU.ActiveCfg = Release|Any CPU
		{3344DA93-3F74-44F6-AC9B-69E2C4AEEF52}.Release|Any CPU.Build.0 = Release|Any CPU
		{3344DA93-3F74-44F6-AC9B-69E2C4AEEF52}.Release|x64.ActiveCfg = Release|Any CPU
		{3344DA93-3F74-44F6-AC9B-69E2C4AEEF52}.Release|x64.Build.0 = Release|Any CPU
		{3344DA93-3F74-44F6-AC9B-69E2C4AEEF52}.Release|x86.ActiveCfg = Release|Any CPU
		{3344DA93-3F74-44F6-AC9B-69E2C4AEEF52}.Release|x86.Build.0 = Release|Any CPU
		{325CC03D-48EB-4F0A-8E81-78F37F7BA222}.Debug|Any CPU.ActiveCfg = Debug|Any CPU
		{325CC03D-48EB-4F0A-8E81-78F37F7BA222}.Debug|Any CPU.Build.0 = Debug|Any CPU
		{325CC03D-48EB-4F0A-8E81-78F37F7BA222}.Debug|x64.ActiveCfg = Debug|Any CPU
		{325CC03D-48EB-4F0A-8E81-78F37F7BA222}.Debug|x64.Build.0 = Debug|Any CPU
		{325CC03D-48EB-4F0A-8E81-78F37F7BA222}.Debug|x86.ActiveCfg = Debug|Any CPU
		{325CC03D-48EB-4F0A-8E81-78F37F7BA222}.Debug|x86.Build.0 = Debug|Any CPU
		{325CC03D-48EB-4F0A-8E81-78F37F7BA222}.Release|Any CPU.ActiveCfg = Release|Any CPU
		{325CC03D-48EB-4F0A-8E81-78F37F7BA222}.Release|Any CPU.Build.0 = Release|Any CPU
		{325CC03D-48EB-4F0A-8E81-78F37F7BA222}.Release|x64.ActiveCfg = Release|Any CPU
		{325CC03D-48EB-4F0A-8E81-78F37F7BA222}.Release|x64.Build.0 = Release|Any CPU
		{325CC03D-48EB-4F0A-8E81-78F37F7BA222}.Release|x86.ActiveCfg = Release|Any CPU
		{325CC03D-48EB-4F0A-8E81-78F37F7BA222}.Release|x86.Build.0 = Release|Any CPU
		{4E2A72DC-01D7-48DC-97B9-E67D7E3CDAA1}.Debug|Any CPU.ActiveCfg = Debug|Any CPU
		{4E2A72DC-01D7-48DC-97B9-E67D7E3CDAA1}.Debug|Any CPU.Build.0 = Debug|Any CPU
		{4E2A72DC-01D7-48DC-97B9-E67D7E3CDAA1}.Debug|x64.ActiveCfg = Debug|Any CPU
		{4E2A72DC-01D7-48DC-97B9-E67D7E3CDAA1}.Debug|x64.Build.0 = Debug|Any CPU
		{4E2A72DC-01D7-48DC-97B9-E67D7E3CDAA1}.Debug|x86.ActiveCfg = Debug|Any CPU
		{4E2A72DC-01D7-48DC-97B9-E67D7E3CDAA1}.Debug|x86.Build.0 = Debug|Any CPU
		{4E2A72DC-01D7-48DC-97B9-E67D7E3CDAA1}.Release|Any CPU.ActiveCfg = Release|Any CPU
		{4E2A72DC-01D7-48DC-97B9-E67D7E3CDAA1}.Release|Any CPU.Build.0 = Release|Any CPU
		{4E2A72DC-01D7-48DC-97B9-E67D7E3CDAA1}.Release|x64.ActiveCfg = Release|Any CPU
		{4E2A72DC-01D7-48DC-97B9-E67D7E3CDAA1}.Release|x64.Build.0 = Release|Any CPU
		{4E2A72DC-01D7-48DC-97B9-E67D7E3CDAA1}.Release|x86.ActiveCfg = Release|Any CPU
		{4E2A72DC-01D7-48DC-97B9-E67D7E3CDAA1}.Release|x86.Build.0 = Release|Any CPU
		{3CAB3A5D-D33B-42DF-8E88-6ADE0F23BD4F}.Debug|Any CPU.ActiveCfg = Debug|Any CPU
		{3CAB3A5D-D33B-42DF-8E88-6ADE0F23BD4F}.Debug|Any CPU.Build.0 = Debug|Any CPU
		{3CAB3A5D-D33B-42DF-8E88-6ADE0F23BD4F}.Debug|x64.ActiveCfg = Debug|Any CPU
		{3CAB3A5D-D33B-42DF-8E88-6ADE0F23BD4F}.Debug|x64.Build.0 = Debug|Any CPU
		{3CAB3A5D-D33B-42DF-8E88-6ADE0F23BD4F}.Debug|x86.ActiveCfg = Debug|Any CPU
		{3CAB3A5D-D33B-42DF-8E88-6ADE0F23BD4F}.Debug|x86.Build.0 = Debug|Any CPU
		{3CAB3A5D-D33B-42DF-8E88-6ADE0F23BD4F}.Release|Any CPU.ActiveCfg = Release|Any CPU
		{3CAB3A5D-D33B-42DF-8E88-6ADE0F23BD4F}.Release|Any CPU.Build.0 = Release|Any CPU
		{3CAB3A5D-D33B-42DF-8E88-6ADE0F23BD4F}.Release|x64.ActiveCfg = Release|Any CPU
		{3CAB3A5D-D33B-42DF-8E88-6ADE0F23BD4F}.Release|x64.Build.0 = Release|Any CPU
		{3CAB3A5D-D33B-42DF-8E88-6ADE0F23BD4F}.Release|x86.ActiveCfg = Release|Any CPU
		{3CAB3A5D-D33B-42DF-8E88-6ADE0F23BD4F}.Release|x86.Build.0 = Release|Any CPU
	EndGlobalSection
	GlobalSection(SolutionProperties) = preSolution
		HideSolutionNode = FALSE
	EndGlobalSection
	GlobalSection(NestedProjects) = preSolution
		{07B7D041-7E4F-46BC-AA56-B507F65133BF} = {12311FEC-4088-F7A3-039C-746C6E42BEE9}
		{DAE199F7-E120-4367-8D0E-65C6AB67E26A} = {12311FEC-4088-F7A3-039C-746C6E42BEE9}
		{88784073-7185-4579-B1F5-6FAA0E287C58} = {12311FEC-4088-F7A3-039C-746C6E42BEE9}
		{9D6422C6-3945-491F-9CA8-73EA29AB562D} = {87FF0521-6E95-A498-5875-2C629E1053AC}
		{FB9CF600-29C3-4523-AD14-F2A42AB960DC} = {87FF0521-6E95-A498-5875-2C629E1053AC}
		{F5406A9B-0062-468F-895D-51FE850AB6CF} = {87FF0521-6E95-A498-5875-2C629E1053AC}
		{582FBE5B-AC0C-478D-A898-91EC4871C40A} = {87FF0521-6E95-A498-5875-2C629E1053AC}
		{46A0DFB1-7736-468B-A701-F9E15DC0483C} = {87FF0521-6E95-A498-5875-2C629E1053AC}
		{5366172E-129E-4505-A48C-7D8D87899224} = {87FF0521-6E95-A498-5875-2C629E1053AC}
		{452661ED-51A7-442C-A0BA-181865D1A2F5} = {87FF0521-6E95-A498-5875-2C629E1053AC}
		{3344DA93-3F74-44F6-AC9B-69E2C4AEEF52} = {87FF0521-6E95-A498-5875-2C629E1053AC}
		{325CC03D-48EB-4F0A-8E81-78F37F7BA222} = {87FF0521-6E95-A498-5875-2C629E1053AC}
		{4E2A72DC-01D7-48DC-97B9-E67D7E3CDAA1} = {87FF0521-6E95-A498-5875-2C629E1053AC}
		{3CAB3A5D-D33B-42DF-8E88-6ADE0F23BD4F} = {87FF0521-6E95-A498-5875-2C629E1053AC}
	EndGlobalSection
EndGlobal
